Microsoft Visual Studio Solution File, Format Version 12.00
# Visual Studio 15
VisualStudioVersion = 15.0.27004.2002
MinimumVisualStudioVersion = 10.0.40219.1
Project("{FAE04EC0-301F-11D3-BF4B-00C04F79EFBC}") = "GeeCoeur", "GeeCoeur\GeeCoeur.csproj", "{3390E509-600F-4BE4-93B9-F672FA823A6D}"
EndProject
Project("{FAE04EC0-301F-11D3-BF4B-00C04F79EFBC}") = "GeeCoeur.iOS", "iOS\GeeCoeur.iOS.csproj", "{FA58D4AD-88C1-42A8-8ECE-44285063FF9D}"
EndProject
Project("{FAE04EC0-301F-11D3-BF4B-00C04F79EFBC}") = "GeeCoeur.Droid", "Droid\GeeCoeur.Droid.csproj", "{867EC87D-D5B7-4082-A185-6C9C38D0F291}"
EndProject
Project("{FAE04EC0-301F-11D3-BF4B-00C04F79EFBC}") = "GeeCoeur.UITests", "UITests\GeeCoeur.UITests.csproj", "{E388D612-B408-460E-B5EA-2E118F7AC68F}"
EndProject
Project("{FAE04EC0-301F-11D3-BF4B-00C04F79EFBC}") = "GeeCoeur.UWP", "GeeCoeur.UWP\GeeCoeur.UWP.csproj", "{9619A1B7-9E02-402C-B61C-865C86C4E70D}"
EndProject
Global
	GlobalSection(SolutionConfigurationPlatforms) = preSolution
		Debug|Any CPU = Debug|Any CPU
		Debug|ARM = Debug|ARM
		Debug|iPhone = Debug|iPhone
		Debug|iPhoneSimulator = Debug|iPhoneSimulator
		Debug|x64 = Debug|x64
		Debug|x86 = Debug|x86
		Release|Any CPU = Release|Any CPU
		Release|ARM = Release|ARM
		Release|iPhone = Release|iPhone
		Release|iPhoneSimulator = Release|iPhoneSimulator
		Release|x64 = Release|x64
		Release|x86 = Release|x86
	EndGlobalSection
	GlobalSection(ProjectConfigurationPlatforms) = postSolution
		{3390E509-600F-4BE4-93B9-F672FA823A6D}.Debug|Any CPU.ActiveCfg = Debug|Any CPU
		{3390E509-600F-4BE4-93B9-F672FA823A6D}.Debug|Any CPU.Build.0 = Debug|Any CPU
		{3390E509-600F-4BE4-93B9-F672FA823A6D}.Debug|ARM.ActiveCfg = Debug|Any CPU
		{3390E509-600F-4BE4-93B9-F672FA823A6D}.Debug|ARM.Build.0 = Debug|Any CPU
		{3390E509-600F-4BE4-93B9-F672FA823A6D}.Debug|iPhone.ActiveCfg = Debug|Any CPU
		{3390E509-600F-4BE4-93B9-F672FA823A6D}.Debug|iPhone.Build.0 = Debug|Any CPU
		{3390E509-600F-4BE4-93B9-F672FA823A6D}.Debug|iPhoneSimulator.ActiveCfg = Debug|Any CPU
		{3390E509-600F-4BE4-93B9-F672FA823A6D}.Debug|iPhoneSimulator.Build.0 = Debug|Any CPU
		{3390E509-600F-4BE4-93B9-F672FA823A6D}.Debug|x64.ActiveCfg = Debug|Any CPU
		{3390E509-600F-4BE4-93B9-F672FA823A6D}.Debug|x64.Build.0 = Debug|Any CPU
		{3390E509-600F-4BE4-93B9-F672FA823A6D}.Debug|x86.ActiveCfg = Debug|Any CPU
		{3390E509-600F-4BE4-93B9-F672FA823A6D}.Debug|x86.Build.0 = Debug|Any CPU
		{3390E509-600F-4BE4-93B9-F672FA823A6D}.Release|Any CPU.ActiveCfg = Release|Any CPU
		{3390E509-600F-4BE4-93B9-F672FA823A6D}.Release|Any CPU.Build.0 = Release|Any CPU
		{3390E509-600F-4BE4-93B9-F672FA823A6D}.Release|ARM.ActiveCfg = Release|Any CPU
		{3390E509-600F-4BE4-93B9-F672FA823A6D}.Release|ARM.Build.0 = Release|Any CPU
		{3390E509-600F-4BE4-93B9-F672FA823A6D}.Release|iPhone.ActiveCfg = Release|Any CPU
		{3390E509-600F-4BE4-93B9-F672FA823A6D}.Release|iPhone.Build.0 = Release|Any CPU
		{3390E509-600F-4BE4-93B9-F672FA823A6D}.Release|iPhoneSimulator.ActiveCfg = Release|Any CPU
		{3390E509-600F-4BE4-93B9-F672FA823A6D}.Release|iPhoneSimulator.Build.0 = Release|Any CPU
		{3390E509-600F-4BE4-93B9-F672FA823A6D}.Release|x64.ActiveCfg = Release|Any CPU
		{3390E509-600F-4BE4-93B9-F672FA823A6D}.Release|x64.Build.0 = Release|Any CPU
		{3390E509-600F-4BE4-93B9-F672FA823A6D}.Release|x86.ActiveCfg = Release|Any CPU
		{3390E509-600F-4BE4-93B9-F672FA823A6D}.Release|x86.Build.0 = Release|Any CPU
		{FA58D4AD-88C1-42A8-8ECE-44285063FF9D}.Debug|Any CPU.ActiveCfg = Debug|iPhoneSimulator
		{FA58D4AD-88C1-42A8-8ECE-44285063FF9D}.Debug|Any CPU.Build.0 = Debug|iPhoneSimulator
		{FA58D4AD-88C1-42A8-8ECE-44285063FF9D}.Debug|ARM.ActiveCfg = Debug|iPhone
		{FA58D4AD-88C1-42A8-8ECE-44285063FF9D}.Debug|iPhone.ActiveCfg = Debug|iPhone
		{FA58D4AD-88C1-42A8-8ECE-44285063FF9D}.Debug|iPhone.Build.0 = Debug|iPhone
		{FA58D4AD-88C1-42A8-8ECE-44285063FF9D}.Debug|iPhoneSimulator.ActiveCfg = Debug|iPhoneSimulator
		{FA58D4AD-88C1-42A8-8ECE-44285063FF9D}.Debug|iPhoneSimulator.Build.0 = Debug|iPhoneSimulator
		{FA58D4AD-88C1-42A8-8ECE-44285063FF9D}.Debug|x64.ActiveCfg = Debug|iPhone
		{FA58D4AD-88C1-42A8-8ECE-44285063FF9D}.Debug|x86.ActiveCfg = Debug|iPhone
		{FA58D4AD-88C1-42A8-8ECE-44285063FF9D}.Release|Any CPU.ActiveCfg = Release|iPhone
		{FA58D4AD-88C1-42A8-8ECE-44285063FF9D}.Release|Any CPU.Build.0 = Release|iPhone
		{FA58D4AD-88C1-42A8-8ECE-44285063FF9D}.Release|ARM.ActiveCfg = Release|iPhoneSimulator
		{FA58D4AD-88C1-42A8-8ECE-44285063FF9D}.Release|iPhone.ActiveCfg = Release|iPhone
		{FA58D4AD-88C1-42A8-8ECE-44285063FF9D}.Release|iPhone.Build.0 = Release|iPhone
		{FA58D4AD-88C1-42A8-8ECE-44285063FF9D}.Release|iPhoneSimulator.ActiveCfg = Release|iPhoneSimulator
		{FA58D4AD-88C1-42A8-8ECE-44285063FF9D}.Release|iPhoneSimulator.Build.0 = Release|iPhoneSimulator
		{FA58D4AD-88C1-42A8-8ECE-44285063FF9D}.Release|x64.ActiveCfg = Release|iPhoneSimulator
		{FA58D4AD-88C1-42A8-8ECE-44285063FF9D}.Release|x86.ActiveCfg = Release|iPhoneSimulator
		{867EC87D-D5B7-4082-A185-6C9C38D0F291}.Debug|Any CPU.ActiveCfg = Debug|Any CPU
		{867EC87D-D5B7-4082-A185-6C9C38D0F291}.Debug|Any CPU.Build.0 = Debug|Any CPU
		{867EC87D-D5B7-4082-A185-6C9C38D0F291}.Debug|Any CPU.Deploy.0 = Debug|Any CPU
		{867EC87D-D5B7-4082-A185-6C9C38D0F291}.Debug|ARM.ActiveCfg = Debug|Any CPU
		{867EC87D-D5B7-4082-A185-6C9C38D0F291}.Debug|ARM.Build.0 = Debug|Any CPU
		{867EC87D-D5B7-4082-A185-6C9C38D0F291}.Debug|ARM.Deploy.0 = Debug|Any CPU
		{867EC87D-D5B7-4082-A185-6C9C38D0F291}.Debug|iPhone.ActiveCfg = Debug|Any CPU
		{867EC87D-D5B7-4082-A185-6C9C38D0F291}.Debug|iPhone.Build.0 = Debug|Any CPU
		{867EC87D-D5B7-4082-A185-6C9C38D0F291}.Debug|iPhoneSimulator.ActiveCfg = Debug|Any CPU
		{867EC87D-D5B7-4082-A185-6C9C38D0F291}.Debug|iPhoneSimulator.Build.0 = Debug|Any CPU
		{867EC87D-D5B7-4082-A185-6C9C38D0F291}.Debug|x64.ActiveCfg = Debug|Any CPU
		{867EC87D-D5B7-4082-A185-6C9C38D0F291}.Debug|x64.Build.0 = Debug|Any CPU
		{867EC87D-D5B7-4082-A185-6C9C38D0F291}.Debug|x64.Deploy.0 = Debug|Any CPU
		{867EC87D-D5B7-4082-A185-6C9C38D0F291}.Debug|x86.ActiveCfg = Debug|Any CPU
		{867EC87D-D5B7-4082-A185-6C9C38D0F291}.Debug|x86.Build.0 = Debug|Any CPU
		{867EC87D-D5B7-4082-A185-6C9C38D0F291}.Debug|x86.Deploy.0 = Debug|Any CPU
		{867EC87D-D5B7-4082-A185-6C9C38D0F291}.Release|Any CPU.ActiveCfg = Release|Any CPU
		{867EC87D-D5B7-4082-A185-6C9C38D0F291}.Release|Any CPU.Build.0 = Release|Any CPU
		{867EC87D-D5B7-4082-A185-6C9C38D0F291}.Release|ARM.ActiveCfg = Release|Any CPU
		{867EC87D-D5B7-4082-A185-6C9C38D0F291}.Release|ARM.Build.0 = Release|Any CPU
		{867EC87D-D5B7-4082-A185-6C9C38D0F291}.Release|ARM.Deploy.0 = Release|Any CPU
		{867EC87D-D5B7-4082-A185-6C9C38D0F291}.Release|iPhone.ActiveCfg = Release|Any CPU
		{867EC87D-D5B7-4082-A185-6C9C38D0F291}.Release|iPhone.Build.0 = Release|Any CPU
		{867EC87D-D5B7-4082-A185-6C9C38D0F291}.Release|iPhoneSimulator.ActiveCfg = Release|Any CPU
		{867EC87D-D5B7-4082-A185-6C9C38D0F291}.Release|iPhoneSimulator.Build.0 = Release|Any CPU
		{867EC87D-D5B7-4082-A185-6C9C38D0F291}.Release|x64.ActiveCfg = Release|Any CPU
		{867EC87D-D5B7-4082-A185-6C9C38D0F291}.Release|x64.Build.0 = Release|Any CPU
		{867EC87D-D5B7-4082-A185-6C9C38D0F291}.Release|x64.Deploy.0 = Release|Any CPU
		{867EC87D-D5B7-4082-A185-6C9C38D0F291}.Release|x86.ActiveCfg = Release|Any CPU
		{867EC87D-D5B7-4082-A185-6C9C38D0F291}.Release|x86.Build.0 = Release|Any CPU
		{867EC87D-D5B7-4082-A185-6C9C38D0F291}.Release|x86.Deploy.0 = Release|Any CPU
		{E388D612-B408-460E-B5EA-2E118F7AC68F}.Debug|Any CPU.ActiveCfg = Debug|Any CPU
		{E388D612-B408-460E-B5EA-2E118F7AC68F}.Debug|Any CPU.Build.0 = Debug|Any CPU
		{E388D612-B408-460E-B5EA-2E118F7AC68F}.Debug|ARM.ActiveCfg = Debug|Any CPU
		{E388D612-B408-460E-B5EA-2E118F7AC68F}.Debug|ARM.Build.0 = Debug|Any CPU
		{E388D612-B408-460E-B5EA-2E118F7AC68F}.Debug|iPhone.ActiveCfg = Debug|Any CPU
		{E388D612-B408-460E-B5EA-2E118F7AC68F}.Debug|iPhone.Build.0 = Debug|Any CPU
		{E388D612-B408-460E-B5EA-2E118F7AC68F}.Debug|iPhoneSimulator.ActiveCfg = Debug|Any CPU
		{E388D612-B408-460E-B5EA-2E118F7AC68F}.Debug|iPhoneSimulator.Build.0 = Debug|Any CPU
		{E388D612-B408-460E-B5EA-2E118F7AC68F}.Debug|x64.ActiveCfg = Debug|Any CPU
		{E388D612-B408-460E-B5EA-2E118F7AC68F}.Debug|x64.Build.0 = Debug|Any CPU
		{E388D612-B408-460E-B5EA-2E118F7AC68F}.Debug|x86.ActiveCfg = Debug|Any CPU
		{E388D612-B408-460E-B5EA-2E118F7AC68F}.Debug|x86.Build.0 = Debug|Any CPU
		{E388D612-B408-460E-B5EA-2E118F7AC68F}.Release|Any CPU.ActiveCfg = Release|Any CPU
		{E388D612-B408-460E-B5EA-2E118F7AC68F}.Release|Any CPU.Build.0 = Release|Any CPU
		{E388D612-B408-460E-B5EA-2E118F7AC68F}.Release|ARM.ActiveCfg = Release|Any CPU
		{E388D612-B408-460E-B5EA-2E118F7AC68F}.Release|ARM.Build.0 = Release|Any CPU
		{E388D612-B408-460E-B5EA-2E118F7AC68F}.Release|iPhone.ActiveCfg = Release|Any CPU
		{E388D612-B408-460E-B5EA-2E118F7AC68F}.Release|iPhone.Build.0 = Release|Any CPU
		{E388D612-B408-460E-B5EA-2E118F7AC68F}.Release|iPhoneSimulator.ActiveCfg = Release|Any CPU
		{E388D612-B408-460E-B5EA-2E118F7AC68F}.Release|iPhoneSimulator.Build.0 = Release|Any CPU
		{E388D612-B408-460E-B5EA-2E118F7AC68F}.Release|x64.ActiveCfg = Release|Any CPU
		{E388D612-B408-460E-B5EA-2E118F7AC68F}.Release|x64.Build.0 = Release|Any CPU
		{E388D612-B408-460E-B5EA-2E118F7AC68F}.Release|x86.ActiveCfg = Release|Any CPU
		{E388D612-B408-460E-B5EA-2E118F7AC68F}.Release|x86.Build.0 = Release|Any CPU
		{9619A1B7-9E02-402C-B61C-865C86C4E70D}.Debug|Any CPU.ActiveCfg = Debug|x86
		{9619A1B7-9E02-402C-B61C-865C86C4E70D}.Debug|Any CPU.Build.0 = Debug|x86
		{9619A1B7-9E02-402C-B61C-865C86C4E70D}.Debug|Any CPU.Deploy.0 = Debug|x86
		{9619A1B7-9E02-402C-B61C-865C86C4E70D}.Debug|ARM.ActiveCfg = Debug|ARM
		{9619A1B7-9E02-402C-B61C-865C86C4E70D}.Debug|ARM.Build.0 = Debug|ARM
		{9619A1B7-9E02-402C-B61C-865C86C4E70D}.Debug|ARM.Deploy.0 = Debug|ARM
		{9619A1B7-9E02-402C-B61C-865C86C4E70D}.Debug|iPhone.ActiveCfg = Debug|x86
		{9619A1B7-9E02-402C-B61C-865C86C4E70D}.Debug|iPhoneSimulator.ActiveCfg = Debug|x86
		{9619A1B7-9E02-402C-B61C-865C86C4E70D}.Debug|x64.ActiveCfg = Debug|x64
		{9619A1B7-9E02-402C-B61C-865C86C4E70D}.Debug|x64.Build.0 = Debug|x64
		{9619A1B7-9E02-402C-B61C-865C86C4E70D}.Debug|x64.Deploy.0 = Debug|x64
		{9619A1B7-9E02-402C-B61C-865C86C4E70D}.Debug|x86.ActiveCfg = Debug|x86
		{9619A1B7-9E02-402C-B61C-865C86C4E70D}.Debug|x86.Build.0 = Debug|x86
		{9619A1B7-9E02-402C-B61C-865C86C4E70D}.Debug|x86.Deploy.0 = Debug|x86
		{9619A1B7-9E02-402C-B61C-865C86C4E70D}.Release|Any CPU.ActiveCfg = Release|x86
		{9619A1B7-9E02-402C-B61C-865C86C4E70D}.Release|ARM.ActiveCfg = Release|ARM
		{9619A1B7-9E02-402C-B61C-865C86C4E70D}.Release|ARM.Build.0 = Release|ARM
		{9619A1B7-9E02-402C-B61C-865C86C4E70D}.Release|ARM.Deploy.0 = Release|ARM
		{9619A1B7-9E02-402C-B61C-865C86C4E70D}.Release|iPhone.ActiveCfg = Release|x86
		{9619A1B7-9E02-402C-B61C-865C86C4E70D}.Release|iPhoneSimulator.ActiveCfg = Release|x86
		{9619A1B7-9E02-402C-B61C-865C86C4E70D}.Release|x64.ActiveCfg = Release|x64
		{9619A1B7-9E02-402C-B61C-865C86C4E70D}.Release|x64.Build.0 = Release|x64
		{9619A1B7-9E02-402C-B61C-865C86C4E70D}.Release|x64.Deploy.0 = Release|x64
		{9619A1B7-9E02-402C-B61C-865C86C4E70D}.Release|x86.ActiveCfg = Release|x86
		{9619A1B7-9E02-402C-B61C-865C86C4E70D}.Release|x86.Build.0 = Release|x86
		{9619A1B7-9E02-402C-B61C-865C86C4E70D}.Release|x86.Deploy.0 = Release|x86
	EndGlobalSection
	GlobalSection(SolutionProperties) = preSolution
		HideSolutionNode = FALSE
	EndGlobalSection
	GlobalSection(ExtensibilityGlobals) = postSolution
		SolutionGuid = {B41AB7E0-311C-42EF-A0DD-738064F608E6}
	EndGlobalSection
EndGlobal
